
Microsoft Visual Studio Solution File, Format Version 12.00
# Visual Studio Version 16
VisualStudioVersion = 16.0.29102.190
MinimumVisualStudioVersion = 10.0.40219.1
Project("{FAE04EC0-301F-11D3-BF4B-00C04F79EFBC}") = "Xadrez-Console", "Xadrez-Console\Xadrez-Console.csproj", "{8AC93BB9-D613-4E97-9064-C0F1B75CBEC1}"
EndProject
Global
	GlobalSection(SolutionConfigurationPlatforms) = preSolution
		Debug|Any CPU = Debug|Any CPU
		Release|Any CPU = Release|Any CPU
	EndGlobalSection
	GlobalSection(ProjectConfigurationPlatforms) = postSolution
		{8AC93BB9-D613-4E97-9064-C0F1B75CBEC1}.Debug|Any CPU.ActiveCfg = Debug|Any CPU
		{8AC93BB9-D613-4E97-9064-C0F1B75CBEC1}.Debug|Any CPU.Build.0 = Debug|Any CPU
		{8AC93BB9-D613-4E97-9064-C0F1B75CBEC1}.Release|Any CPU.ActiveCfg = Release|Any CPU
		{8AC93BB9-D613-4E97-9064-C0F1B75CBEC1}.Release|Any CPU.Build.0 = Release|Any CPU
	EndGlobalSection
	GlobalSection(SolutionProperties) = preSolution
		HideSolutionNode = FALSE
	EndGlobalSection
	GlobalSection(ExtensibilityGlobals) = postSolution
		SolutionGuid = {17D8D7AC-AD79-4CA9-A633-55293AD05988}
	EndGlobalSection
EndGlobal
