
Microsoft Visual Studio Solution File, Format Version 12.00
# Visual Studio Version 16
VisualStudioVersion = 16.0.29102.190
MinimumVisualStudioVersion = 10.0.40219.1
Project("{FAE04EC0-301F-11D3-BF4B-00C04F79EFBC}") = "Exercicio_MetodosAbstratos", "Exercicio_MetodosAbstratos\Exercicio_MetodosAbstratos.csproj", "{97465DFA-1380-40C1-9F63-F485312E116D}"
EndProject
Global
	GlobalSection(SolutionConfigurationPlatforms) = preSolution
		Debug|Any CPU = Debug|Any CPU
		Release|Any CPU = Release|Any CPU
	EndGlobalSection
	GlobalSection(ProjectConfigurationPlatforms) = postSolution
		{97465DFA-1380-40C1-9F63-F485312E116D}.Debug|Any CPU.ActiveCfg = Debug|Any CPU
		{97465DFA-1380-40C1-9F63-F485312E116D}.Debug|Any CPU.Build.0 = Debug|Any CPU
		{97465DFA-1380-40C1-9F63-F485312E116D}.Release|Any CPU.ActiveCfg = Release|Any CPU
		{97465DFA-1380-40C1-9F63-F485312E116D}.Release|Any CPU.Build.0 = Release|Any CPU
	EndGlobalSection
	GlobalSection(SolutionProperties) = preSolution
		HideSolutionNode = FALSE
	EndGlobalSection
	GlobalSection(ExtensibilityGlobals) = postSolution
		SolutionGuid = {A33CF707-8FB6-48A2-ABF3-4447EA2BE69E}
	EndGlobalSection
EndGlobal
